# This file is automatically @generated by Cargo.
# It is not intended for manual editing.
[[package]]
name = "Helloworldsampleenclave"
version = "1.0.0"
dependencies = [
 "sgx_trts",
 "sgx_types",
]

[[package]]
name = "sgx_libc"
version = "1.1.3"
source = "git+https://github.com/apache/teaclave-sgx-sdk.git#2bd9d6a80479dbeb2c1ec9b167357ba8fad6b8f9"
dependencies = [
 "sgx_types",
]

[[package]]
name = "sgx_trts"
version = "1.1.3"
source = "git+https://github.com/apache/teaclave-sgx-sdk.git#2bd9d6a80479dbeb2c1ec9b167357ba8fad6b8f9"
dependencies = [
 "sgx_libc",
 "sgx_types",
]

[[package]]
name = "sgx_types"
version = "1.1.3"
source = "git+https://github.com/apache/teaclave-sgx-sdk.git#2bd9d6a80479dbeb2c1ec9b167357ba8fad6b8f9"
